
Microsoft Visual Studio Solution File, Format Version 12.00
# Visual Studio Version 17
VisualStudioVersion = 17.7.34024.191
MinimumVisualStudioVersion = 10.0.40219.1
Project("{FAE04EC0-301F-11D3-BF4B-00C04F79EFBC}") = "CARCE.API", "CARCE.API\CARCE.API.csproj", "{36CCB7C4-1C19-4EEF-931A-0F02194003DD}"
EndProject
Project("{2150E333-8FDC-42A3-9474-1A3956D46DE8}") = "src", "src", "{E5B483D8-82F4-44EB-BB95-11CC7465E593}"
EndProject
Project("{2150E333-8FDC-42A3-9474-1A3956D46DE8}") = "tests", "tests", "{8C94EF5B-BAA5-4EED-BEB2-ED67AEEB6BAF}"
EndProject
Project("{2150E333-8FDC-42A3-9474-1A3956D46DE8}") = "UnitTests", "UnitTests", "{B4F2B595-B7F9-49E7-A116-B8FD9D401B2F}"
EndProject
Project("{FAE04EC0-301F-11D3-BF4B-00C04F79EFBC}") = "CARCE.Application", "CARCE.Application\CARCE.Application.csproj", "{69F87058-6108-49EA-B00A-3A73233F7CFC}"
EndProject
Project("{FAE04EC0-301F-11D3-BF4B-00C04F79EFBC}") = "CARCE.Domain", "CARCE.Domain\CARCE.Domain.csproj", "{08F7792E-E106-4237-8951-09132C1422C6}"
EndProject
Project("{FAE04EC0-301F-11D3-BF4B-00C04F79EFBC}") = "CARCE.Infrastructure", "CARCE.Infrastructure\CARCE.Infrastructure.csproj", "{BF95E2A3-0632-4D0B-AF8A-92C5594C5031}"
EndProject
Project("{FAE04EC0-301F-11D3-BF4B-00C04F79EFBC}") = "CARCE.Application.UnitTests", "CARCE.Application.UnitTests\CARCE.Application.UnitTests.csproj", "{0308A4E2-E7D4-47B4-BBB1-19E1DF30A728}"
EndProject
Project("{FAE04EC0-301F-11D3-BF4B-00C04F79EFBC}") = "CARCE.Domain.UnitTests", "CARCE.Domain.UnitTests\CARCE.Domain.UnitTests.csproj", "{ED51089D-B95E-41DE-80A5-8E7593DEB023}"
EndProject
Project("{FAE04EC0-301F-11D3-BF4B-00C04F79EFBC}") = "CARCE.Infrastructure.UnitTests", "CARCE.Infrastructure.UnitTests\CARCE.Infrastructure.UnitTests.csproj", "{CAACAEFE-CCBA-4812-B4CD-6FD8CAF11C62}"
EndProject
Global
	GlobalSection(SolutionConfigurationPlatforms) = preSolution
		Debug|Any CPU = Debug|Any CPU
		Release|Any CPU = Release|Any CPU
	EndGlobalSection
	GlobalSection(ProjectConfigurationPlatforms) = postSolution
		{36CCB7C4-1C19-4EEF-931A-0F02194003DD}.Debug|Any CPU.ActiveCfg = Debug|Any CPU
		{36CCB7C4-1C19-4EEF-931A-0F02194003DD}.Debug|Any CPU.Build.0 = Debug|Any CPU
		{36CCB7C4-1C19-4EEF-931A-0F02194003DD}.Release|Any CPU.ActiveCfg = Release|Any CPU
		{36CCB7C4-1C19-4EEF-931A-0F02194003DD}.Release|Any CPU.Build.0 = Release|Any CPU
		{69F87058-6108-49EA-B00A-3A73233F7CFC}.Debug|Any CPU.ActiveCfg = Debug|Any CPU
		{69F87058-6108-49EA-B00A-3A73233F7CFC}.Debug|Any CPU.Build.0 = Debug|Any CPU
		{69F87058-6108-49EA-B00A-3A73233F7CFC}.Release|Any CPU.ActiveCfg = Release|Any CPU
		{69F87058-6108-49EA-B00A-3A73233F7CFC}.Release|Any CPU.Build.0 = Release|Any CPU
		{08F7792E-E106-4237-8951-09132C1422C6}.Debug|Any CPU.ActiveCfg = Debug|Any CPU
		{08F7792E-E106-4237-8951-09132C1422C6}.Debug|Any CPU.Build.0 = Debug|Any CPU
		{08F7792E-E106-4237-8951-09132C1422C6}.Release|Any CPU.ActiveCfg = Release|Any CPU
		{08F7792E-E106-4237-8951-09132C1422C6}.Release|Any CPU.Build.0 = Release|Any CPU
		{BF95E2A3-0632-4D0B-AF8A-92C5594C5031}.Debug|Any CPU.ActiveCfg = Debug|Any CPU
		{BF95E2A3-0632-4D0B-AF8A-92C5594C5031}.Debug|Any CPU.Build.0 = Debug|Any CPU
		{BF95E2A3-0632-4D0B-AF8A-92C5594C5031}.Release|Any CPU.ActiveCfg = Release|Any CPU
		{BF95E2A3-0632-4D0B-AF8A-92C5594C5031}.Release|Any CPU.Build.0 = Release|Any CPU
		{0308A4E2-E7D4-47B4-BBB1-19E1DF30A728}.Debug|Any CPU.ActiveCfg = Debug|Any CPU
		{0308A4E2-E7D4-47B4-BBB1-19E1DF30A728}.Debug|Any CPU.Build.0 = Debug|Any CPU
		{0308A4E2-E7D4-47B4-BBB1-19E1DF30A728}.Release|Any CPU.ActiveCfg = Release|Any CPU
		{0308A4E2-E7D4-47B4-BBB1-19E1DF30A728}.Release|Any CPU.Build.0 = Release|Any CPU
		{ED51089D-B95E-41DE-80A5-8E7593DEB023}.Debug|Any CPU.ActiveCfg = Debug|Any CPU
		{ED51089D-B95E-41DE-80A5-8E7593DEB023}.Debug|Any CPU.Build.0 = Debug|Any CPU
		{ED51089D-B95E-41DE-80A5-8E7593DEB023}.Release|Any CPU.ActiveCfg = Release|Any CPU
		{ED51089D-B95E-41DE-80A5-8E7593DEB023}.Release|Any CPU.Build.0 = Release|Any CPU
		{CAACAEFE-CCBA-4812-B4CD-6FD8CAF11C62}.Debug|Any CPU.ActiveCfg = Debug|Any CPU
		{CAACAEFE-CCBA-4812-B4CD-6FD8CAF11C62}.Debug|Any CPU.Build.0 = Debug|Any CPU
		{CAACAEFE-CCBA-4812-B4CD-6FD8CAF11C62}.Release|Any CPU.ActiveCfg = Release|Any CPU
		{CAACAEFE-CCBA-4812-B4CD-6FD8CAF11C62}.Release|Any CPU.Build.0 = Release|Any CPU
	EndGlobalSection
	GlobalSection(SolutionProperties) = preSolution
		HideSolutionNode = FALSE
	EndGlobalSection
	GlobalSection(NestedProjects) = preSolution
		{36CCB7C4-1C19-4EEF-931A-0F02194003DD} = {E5B483D8-82F4-44EB-BB95-11CC7465E593}
		{B4F2B595-B7F9-49E7-A116-B8FD9D401B2F} = {8C94EF5B-BAA5-4EED-BEB2-ED67AEEB6BAF}
		{69F87058-6108-49EA-B00A-3A73233F7CFC} = {E5B483D8-82F4-44EB-BB95-11CC7465E593}
		{08F7792E-E106-4237-8951-09132C1422C6} = {E5B483D8-82F4-44EB-BB95-11CC7465E593}
		{BF95E2A3-0632-4D0B-AF8A-92C5594C5031} = {E5B483D8-82F4-44EB-BB95-11CC7465E593}
		{0308A4E2-E7D4-47B4-BBB1-19E1DF30A728} = {B4F2B595-B7F9-49E7-A116-B8FD9D401B2F}
		{ED51089D-B95E-41DE-80A5-8E7593DEB023} = {B4F2B595-B7F9-49E7-A116-B8FD9D401B2F}
		{CAACAEFE-CCBA-4812-B4CD-6FD8CAF11C62} = {B4F2B595-B7F9-49E7-A116-B8FD9D401B2F}
	EndGlobalSection
	GlobalSection(ExtensibilityGlobals) = postSolution
		SolutionGuid = {B53F8616-EEF6-4508-B2DA-892C3557B0AE}
	EndGlobalSection
EndGlobal
